<Solution>
  <Folder Name="/Solution Items/">
    <File Path=".gitignore" />
  </Folder>
  <Project Path="frontend/frontend.esproj">
    <Build />
    <Deploy />
  </Project>
  <Project Path="OrderingSystemMenza.AppHost/OrderingSystemMenza.AppHost.csproj" />
  <Project Path="OrderingSystemMenza.Models/OrderingSystemMenza.Models.csproj" Id="f0008613-a2c6-4923-a8c4-72ac40db357f" />
  <Project Path="OrderingSystemMenza.Server/OrderingSystemMenza.Server.csproj" />
</Solution>
